{
  "originHash" : "ff64c8e4db6bd9148caf9186ee3bcaad4440cbc4644f670c286b04daf99aebf9",
  "pins" : [
    {
      "identity" : "paypalcheckout-ios",
      "kind" : "remoteSourceControl",
      "location" : "https://github.com/paypal/paypalcheckout-ios",
      "state" : {
        "revision" : "f477176da4c6780c8586b493c604f0ab74d9be49",
        "version" : "1.2.0"
      }
    }
  ],
  "version" : 3
}
